
Microsoft Visual Studio Solution File, Format Version 12.00
# Visual Studio Version 17
VisualStudioVersion = 17.0.32112.339
MinimumVisualStudioVersion = 10.0.40219.1
Project("{9A19103F-16F7-4668-BE54-9A1E7A4F7556}") = "1_IfStatements", "1_IfStatements\1_IfStatements.csproj", "{73F94832-203C-44DF-A9D2-CE1F0C11C2DF}"
EndProject
Project("{9A19103F-16F7-4668-BE54-9A1E7A4F7556}") = "2_Loops", "2_Loops\2_Loops.csproj", "{A408E979-4F02-4562-BC21-08B98CFF6F0A}"
EndProject
Project("{9A19103F-16F7-4668-BE54-9A1E7A4F7556}") = "3_Classes", "3_Classes\3_Classes.csproj", "{3C77338F-60C8-4D20-B9FC-15FC918EEE04}"
EndProject
Project("{9A19103F-16F7-4668-BE54-9A1E7A4F7556}") = "4_Classes", "4_Classes\4_Classes.csproj", "{89029BCB-A8CB-4D41-A317-9803F6101C00}"
EndProject
Project("{FAE04EC0-301F-11D3-BF4B-00C04F79EFBC}") = "5_Classes", "5_Classes\5_Classes.csproj", "{3798302B-B1CA-4097-9D51-7DA91D656896}"
EndProject
Global
	GlobalSection(SolutionConfigurationPlatforms) = preSolution
		Debug|Any CPU = Debug|Any CPU
		Release|Any CPU = Release|Any CPU
	EndGlobalSection
	GlobalSection(ProjectConfigurationPlatforms) = postSolution
		{73F94832-203C-44DF-A9D2-CE1F0C11C2DF}.Debug|Any CPU.ActiveCfg = Debug|Any CPU
		{73F94832-203C-44DF-A9D2-CE1F0C11C2DF}.Debug|Any CPU.Build.0 = Debug|Any CPU
		{73F94832-203C-44DF-A9D2-CE1F0C11C2DF}.Release|Any CPU.ActiveCfg = Release|Any CPU
		{73F94832-203C-44DF-A9D2-CE1F0C11C2DF}.Release|Any CPU.Build.0 = Release|Any CPU
		{A408E979-4F02-4562-BC21-08B98CFF6F0A}.Debug|Any CPU.ActiveCfg = Debug|Any CPU
		{A408E979-4F02-4562-BC21-08B98CFF6F0A}.Debug|Any CPU.Build.0 = Debug|Any CPU
		{A408E979-4F02-4562-BC21-08B98CFF6F0A}.Release|Any CPU.ActiveCfg = Release|Any CPU
		{A408E979-4F02-4562-BC21-08B98CFF6F0A}.Release|Any CPU.Build.0 = Release|Any CPU
		{3C77338F-60C8-4D20-B9FC-15FC918EEE04}.Debug|Any CPU.ActiveCfg = Debug|Any CPU
		{3C77338F-60C8-4D20-B9FC-15FC918EEE04}.Debug|Any CPU.Build.0 = Debug|Any CPU
		{3C77338F-60C8-4D20-B9FC-15FC918EEE04}.Release|Any CPU.ActiveCfg = Release|Any CPU
		{3C77338F-60C8-4D20-B9FC-15FC918EEE04}.Release|Any CPU.Build.0 = Release|Any CPU
		{89029BCB-A8CB-4D41-A317-9803F6101C00}.Debug|Any CPU.ActiveCfg = Debug|Any CPU
		{89029BCB-A8CB-4D41-A317-9803F6101C00}.Debug|Any CPU.Build.0 = Debug|Any CPU
		{89029BCB-A8CB-4D41-A317-9803F6101C00}.Release|Any CPU.ActiveCfg = Release|Any CPU
		{89029BCB-A8CB-4D41-A317-9803F6101C00}.Release|Any CPU.Build.0 = Release|Any CPU
		{3798302B-B1CA-4097-9D51-7DA91D656896}.Debug|Any CPU.ActiveCfg = Debug|Any CPU
		{3798302B-B1CA-4097-9D51-7DA91D656896}.Debug|Any CPU.Build.0 = Debug|Any CPU
		{3798302B-B1CA-4097-9D51-7DA91D656896}.Release|Any CPU.ActiveCfg = Release|Any CPU
		{3798302B-B1CA-4097-9D51-7DA91D656896}.Release|Any CPU.Build.0 = Release|Any CPU
	EndGlobalSection
	GlobalSection(SolutionProperties) = preSolution
		HideSolutionNode = FALSE
	EndGlobalSection
	GlobalSection(ExtensibilityGlobals) = postSolution
		SolutionGuid = {BE1554BA-387B-4498-8850-D13CD32E9F55}
	EndGlobalSection
EndGlobal
